{
  "name": "code",
  "version": "1.0.0",
  "lockfileVersion": 2,
  "requires": true,
  "packages": {
    "": {
      "name": "code",
      "version": "1.0.0",
      "license": "ISC",
      "dependencies": {
        "cannon": "^0.6.2",
        "cannon-es": "^0.18.0",
        "three": "^0.135.0",
        "tweenjs": "^1.0.2"
      }
    },
    "node_modules/cannon": {
      "version": "0.6.2",
      "resolved": "https://registry.npmjs.org/cannon/-/cannon-0.6.2.tgz",
      "integrity": "sha1-HnvHLdWEGYLzwQTCvFeL+k+xxXI=",
      "engines": {
        "node": "*"
      }
    },
    "node_modules/cannon-es": {
      "version": "0.18.0",
      "resolved": "https://registry.npmjs.org/cannon-es/-/cannon-es-0.18.0.tgz",
      "integrity": "sha512-GiQ1bd0etZsMVSnUhNc+p+FEh0R/cULpp8uRSAhEK4Kax+y/31Au03m6h1h1xdDivAMnFg8YDwevHgzLynOHlw=="
    },
    "node_modules/three": {
      "version": "0.135.0",
      "resolved": "https://registry.npmjs.org/three/-/three-0.135.0.tgz",
      "integrity": "sha512-kuEpuuxRzLv0MDsXai9huCxOSQPZ4vje6y0gn80SRmQvgz6/+rI0NAvCRAw56zYaWKMGMfqKWsxF9Qa2Z9xymQ=="
    },
    "node_modules/tweenjs": {
      "version": "1.0.2",
      "resolved": "https://registry.npmjs.org/tweenjs/-/tweenjs-1.0.2.tgz",
      "integrity": "sha512-WnFozCNkUkmJtLqJyGrToxVojW2Srzudktr8BzFKQijQRVcmlq7Fc+qfo75ccnwIJGiRWbXKfg7qU67Tzbb1bg=="
    }
  },
  "dependencies": {
    "cannon": {
      "version": "0.6.2",
      "resolved": "https://registry.npmjs.org/cannon/-/cannon-0.6.2.tgz",
      "integrity": "sha1-HnvHLdWEGYLzwQTCvFeL+k+xxXI="
    },
    "cannon-es": {
      "version": "0.18.0",
      "resolved": "https://registry.npmjs.org/cannon-es/-/cannon-es-0.18.0.tgz",
      "integrity": "sha512-GiQ1bd0etZsMVSnUhNc+p+FEh0R/cULpp8uRSAhEK4Kax+y/31Au03m6h1h1xdDivAMnFg8YDwevHgzLynOHlw=="
    },
    "three": {
      "version": "0.135.0",
      "resolved": "https://registry.npmjs.org/three/-/three-0.135.0.tgz",
      "integrity": "sha512-kuEpuuxRzLv0MDsXai9huCxOSQPZ4vje6y0gn80SRmQvgz6/+rI0NAvCRAw56zYaWKMGMfqKWsxF9Qa2Z9xymQ=="
    },
    "tweenjs": {
      "version": "1.0.2",
      "resolved": "https://registry.npmjs.org/tweenjs/-/tweenjs-1.0.2.tgz",
      "integrity": "sha512-WnFozCNkUkmJtLqJyGrToxVojW2Srzudktr8BzFKQijQRVcmlq7Fc+qfo75ccnwIJGiRWbXKfg7qU67Tzbb1bg=="
    }
  }
}
